Microsoft Visual Studio Solution File, Format Version 12.00
# Visual Studio Version 17
VisualStudioVersion = 17.5.2.0
MinimumVisualStudioVersion = 10.0.40219.1
Project("{FAE04EC0-301F-11D3-BF4B-00C04F79EFBC}") = "E_commerce_Platform_Search", "E_commerce_Platform_Search\E_commerce_Platform_Search.csproj", "{AE3AAF22-D636-D1FC-889A-0F6ED508897E}"
EndProject
Project("{FAE04EC0-301F-11D3-BF4B-00C04F79EFBC}") = "Financial_Forecasting", "Financial_Forecasting\Financial_Forecasting.csproj", "{66B0C122-5A0C-46C2-8654-37BFC590C49B}"
EndProject
Global
	GlobalSection(SolutionConfigurationPlatforms) = preSolution
		Debug|Any CPU = Debug|Any CPU
		Release|Any CPU = Release|Any CPU
	EndGlobalSection
	GlobalSection(ProjectConfigurationPlatforms) = postSolution
		{AE3AAF22-D636-D1FC-889A-0F6ED508897E}.Debug|Any CPU.ActiveCfg = Debug|Any CPU
		{AE3AAF22-D636-D1FC-889A-0F6ED508897E}.Debug|Any CPU.Build.0 = Debug|Any CPU
		{AE3AAF22-D636-D1FC-889A-0F6ED508897E}.Release|Any CPU.ActiveCfg = Release|Any CPU
		{AE3AAF22-D636-D1FC-889A-0F6ED508897E}.Release|Any CPU.Build.0 = Release|Any CPU
		{66B0C122-5A0C-46C2-8654-37BFC590C49B}.Debug|Any CPU.ActiveCfg = Debug|Any CPU
		{66B0C122-5A0C-46C2-8654-37BFC590C49B}.Debug|Any CPU.Build.0 = Debug|Any CPU
		{66B0C122-5A0C-46C2-8654-37BFC590C49B}.Release|Any CPU.ActiveCfg = Release|Any CPU
		{66B0C122-5A0C-46C2-8654-37BFC590C49B}.Release|Any CPU.Build.0 = Release|Any CPU
	EndGlobalSection
	GlobalSection(SolutionProperties) = preSolution
		HideSolutionNode = FALSE
	EndGlobalSection
	GlobalSection(ExtensibilityGlobals) = postSolution
		SolutionGuid = {BC6A8849-366D-4BCF-9998-D41C54DFFFD9}
	EndGlobalSection
EndGlobal
