
Microsoft Visual Studio Solution File, Format Version 12.00
# Visual Studio Version 17
VisualStudioVersion = 17.14.36221.1 d17.14
MinimumVisualStudioVersion = 10.0.40219.1
Project("{FAE04EC0-301F-11D3-BF4B-00C04F79EFBC}") = "CustomWebApi", "CustomWebApi.csproj", "{B560A17D-D30A-45F1-B19F-5DD96B95D41B}"
EndProject
Global
	GlobalSection(SolutionConfigurationPlatforms) = preSolution
		Debug|Any CPU = Debug|Any CPU
		Release|Any CPU = Release|Any CPU
	EndGlobalSection
	GlobalSection(ProjectConfigurationPlatforms) = postSolution
		{B560A17D-D30A-45F1-B19F-5DD96B95D41B}.Debug|Any CPU.ActiveCfg = Debug|Any CPU
		{B560A17D-D30A-45F1-B19F-5DD96B95D41B}.Debug|Any CPU.Build.0 = Debug|Any CPU
		{B560A17D-D30A-45F1-B19F-5DD96B95D41B}.Release|Any CPU.ActiveCfg = Release|Any CPU
		{B560A17D-D30A-45F1-B19F-5DD96B95D41B}.Release|Any CPU.Build.0 = Release|Any CPU
	EndGlobalSection
	GlobalSection(SolutionProperties) = preSolution
		HideSolutionNode = FALSE
	EndGlobalSection
	GlobalSection(ExtensibilityGlobals) = postSolution
		SolutionGuid = {AB6927E9-1CF9-4BCD-A5F0-C6B7E10A7721}
	EndGlobalSection
EndGlobal
